// !$*UTF8*$!
{
	archiveVersion = 1;
	classes = {
	};
	objectVersion = 50;
	objects = {

/* Begin PBXBuildFile section */
		0189828AFF57AB522AC97979 /* Pods_MyTasks.framework in Frameworks */ = {isa = PBXBuildFile; fileRef = 8992AD4CB232CB56C09FC72D /* Pods_MyTasks.framework */; };
		C2464E102512257C00C09AA6 /* CoreDataCell.swift in Sources */ = {isa = PBXBuildFile; fileRef = C2464E0F2512257C00C09AA6 /* CoreDataCell.swift */; };
		C2473DED250F861F003059B8 /* RealmModel.swift in Sources */ = {isa = PBXBuildFile; fileRef = C2473DEC250F861F003059B8 /* RealmModel.swift */; };
		C2473DEF250F87FA003059B8 /* RealmStorageManager.swift in Sources */ = {isa = PBXBuildFile; fileRef = C2473DEE250F87FA003059B8 /* RealmStorageManager.swift */; };
		C2473DF1250F88E4003059B8 /* RealmController.swift in Sources */ = {isa = PBXBuildFile; fileRef = C2473DF0250F88E4003059B8 /* RealmController.swift */; };
		C24AE5A9250F650E00299C81 /* CoreDataController.swift in Sources */ = {isa = PBXBuildFile; fileRef = C24AE5A8250F650E00299C81 /* CoreDataController.swift */; };
		C24AE5AB250F656C00299C81 /* CoreDataProvider.swift in Sources */ = {isa = PBXBuildFile; fileRef = C24AE5AA250F656C00299C81 /* CoreDataProvider.swift */; };
		C27E2950250F5B41000BC052 /* Persistance.swift in Sources */ = {isa = PBXBuildFile; fileRef = C27E294F250F5B41000BC052 /* Persistance.swift */; };
		C2A2ED9C250F5A2D009C1F9D /* AppDelegate.swift in Sources */ = {isa = PBXBuildFile; fileRef = C2A2ED9B250F5A2D009C1F9D /* AppDelegate.swift */; };
		C2A2ED9E250F5A2D009C1F9D /* SceneDelegate.swift in Sources */ = {isa = PBXBuildFile; fileRef = C2A2ED9D250F5A2D009C1F9D /* SceneDelegate.swift */; };
		C2A2EDA0250F5A2D009C1F9D /* ViewController.swift in Sources */ = {isa = PBXBuildFile; fileRef = C2A2ED9F250F5A2D009C1F9D /* ViewController.swift */; };
		C2A2EDA3250F5A2D009C1F9D /* Main.storyboard in Resources */ = {isa = PBXBuildFile; fileRef = C2A2EDA1250F5A2D009C1F9D /* Main.storyboard */; };
		C2A2EDA6250F5A2D009C1F9D /* MyTasks.xcdatamodeld in Sources */ = {isa = PBXBuildFile; fileRef = C2A2EDA4250F5A2D009C1F9D /* MyTasks.xcdatamodeld */; };
		C2A2EDA8250F5A2F009C1F9D /* Assets.xcassets in Resources */ = {isa = PBXBuildFile; fileRef = C2A2EDA7250F5A2F009C1F9D /* Assets.xcassets */; };
		C2A2EDAB250F5A2F009C1F9D /* LaunchScreen.storyboard in Resources */ = {isa = PBXBuildFile; fileRef = C2A2EDA9250F5A2F009C1F9D /* LaunchScreen.storyboard */; };
		C2B8F64625120F5900EC16EB /* RealmCell.swift in Sources */ = {isa = PBXBuildFile; fileRef = C2B8F64525120F5900EC16EB /* RealmCell.swift */; };
/* End PBXBuildFile section */

/* Begin PBXFileReference section */
		8992AD4CB232CB56C09FC72D /* Pods_MyTasks.framework */ = {isa = PBXFileReference; explicitFileType = wrapper.framework; includeInIndex = 0; path = Pods_MyTasks.framework; sourceTree = BUILT_PRODUCTS_DIR; };
		ADAFF402A5CD979AAE79DFDA /* Pods-MyTasks.release.xcconfig */ = {isa = PBXFileReference; includeInIndex = 1; lastKnownFileType = text.xcconfig; name = "Pods-MyTasks.release.xcconfig"; path = "Pods/Target Support Files/Pods-MyTasks/Pods-MyTasks.release.xcconfig"; sourceTree = "<group>"; };
		C2464E0F2512257C00C09AA6 /* CoreDataCell.swift */ = {isa = PBXFileReference; lastKnownFileType = sourcecode.swift; path = CoreDataCell.swift; sourceTree = "<group>"; };
		C2473DEC250F861F003059B8 /* RealmModel.swift */ = {isa = PBXFileReference; lastKnownFileType = sourcecode.swift; path = RealmModel.swift; sourceTree = "<group>"; };
		C2473DEE250F87FA003059B8 /* RealmStorageManager.swift */ = {isa = PBXFileReference; lastKnownFileType = sourcecode.swift; path = RealmStorageManager.swift; sourceTree = "<group>"; };
		C2473DF0250F88E4003059B8 /* RealmController.swift */ = {isa = PBXFileReference; lastKnownFileType = sourcecode.swift; path = RealmController.swift; sourceTree = "<group>"; };
		C24AE5A8250F650E00299C81 /* CoreDataController.swift */ = {isa = PBXFileReference; lastKnownFileType = sourcecode.swift; path = CoreDataController.swift; sourceTree = "<group>"; };
		C24AE5AA250F656C00299C81 /* CoreDataProvider.swift */ = {isa = PBXFileReference; lastKnownFileType = sourcecode.swift; path = CoreDataProvider.swift; sourceTree = "<group>"; };
		C27E294F250F5B41000BC052 /* Persistance.swift */ = {isa = PBXFileReference; lastKnownFileType = sourcecode.swift; path = Persistance.swift; sourceTree = "<group>"; };
		C2A2ED98250F5A2D009C1F9D /* MyTasks.app */ = {isa = PBXFileReference; explicitFileType = wrapper.application; includeInIndex = 0; path = MyTasks.app; sourceTree = BUILT_PRODUCTS_DIR; };
		C2A2ED9B250F5A2D009C1F9D /* AppDelegate.swift */ = {isa = PBXFileReference; lastKnownFileType = sourcecode.swift; path = AppDelegate.swift; sourceTree = "<group>"; };
		C2A2ED9D250F5A2D009C1F9D /* SceneDelegate.swift */ = {isa = PBXFileReference; lastKnownFileType = sourcecode.swift; path = SceneDelegate.swift; sourceTree = "<group>"; };
		C2A2ED9F250F5A2D009C1F9D /* ViewController.swift */ = {isa = PBXFileReference; lastKnownFileType = sourcecode.swift; path = ViewController.swift; sourceTree = "<group>"; };
		C2A2EDA2250F5A2D009C1F9D /* Base */ = {isa = PBXFileReference; lastKnownFileType = file.storyboard; name = Base; path = Base.lproj/Main.storyboard; sourceTree = "<group>"; };
		C2A2EDA5250F5A2D009C1F9D /* MyTasks.xcdatamodel */ = {isa = PBXFileReference; lastKnownFileType = wrapper.xcdatamodel; path = MyTasks.xcdatamodel; sourceTree = "<group>"; };
		C2A2EDA7250F5A2F009C1F9D /* Assets.xcassets */ = {isa = PBXFileReference; lastKnownFileType = folder.assetcatalog; path = Assets.xcassets; sourceTree = "<group>"; };
		C2A2EDAA250F5A2F009C1F9D /* Base */ = {isa = PBXFileReference; lastKnownFileType = file.storyboard; name = Base; path = Base.lproj/LaunchScreen.storyboard; sourceTree = "<group>"; };
		C2A2EDAC250F5A2F009C1F9D /* Info.plist */ = {isa = PBXFileReference; lastKnownFileType = text.plist.xml; path = Info.plist; sourceTree = "<group>"; };
		C2B8F64525120F5900EC16EB /* RealmCell.swift */ = {isa = PBXFileReference; lastKnownFileType = sourcecode.swift; path = RealmCell.swift; sourceTree = "<group>"; };
		FFC62F125A1D55E1D4770743 /* Pods-MyTasks.debug.xcconfig */ = {isa = PBXFileReference; includeInIndex = 1; lastKnownFileType = text.xcconfig; name = "Pods-MyTasks.debug.xcconfig"; path = "Pods/Target Support Files/Pods-MyTasks/Pods-MyTasks.debug.xcconfig"; sourceTree = "<group>"; };
/* End PBXFileReference section */

/* Begin PBXFrameworksBuildPhase section */
		C2A2ED95250F5A2D009C1F9D /* Frameworks */ = {
			isa = PBXFrameworksBuildPhase;
			buildActionMask = 2147483647;
			files = (
				0189828AFF57AB522AC97979 /* Pods_MyTasks.framework in Frameworks */,
			);
			runOnlyForDeploymentPostprocessing = 0;
		};
/* End PBXFrameworksBuildPhase section */

/* Begin PBXGroup section */
		5256301F603ED26746797AA2 /* Frameworks */ = {
			isa = PBXGroup;
			children = (
				8992AD4CB232CB56C09FC72D /* Pods_MyTasks.framework */,
			);
			name = Frameworks;
			sourceTree = "<group>";
		};
		C2A2ED8F250F5A2D009C1F9D = {
			isa = PBXGroup;
			children = (
				C2A2ED9A250F5A2D009C1F9D /* MyTasks */,
				C2A2ED99250F5A2D009C1F9D /* Products */,
				D9CBD5D515414389DF5F042C /* Pods */,
				5256301F603ED26746797AA2 /* Frameworks */,
			);
			sourceTree = "<group>";
		};
		C2A2ED99250F5A2D009C1F9D /* Products */ = {
			isa = PBXGroup;
			children = (
				C2A2ED98250F5A2D009C1F9D /* MyTasks.app */,
			);
			name = Products;
			sourceTree = "<group>";
		};
		C2A2ED9A250F5A2D009C1F9D /* MyTasks */ = {
			isa = PBXGroup;
			children = (
				C2A2EDB5250F5AC2009C1F9D /* Modal */,
				C2A2EDB3250F5A91009C1F9D /* View */,
				C2A2EDB4250F5AAC009C1F9D /* Controller */,
				C2A2EDB2250F5A76009C1F9D /* Supporting files */,
			);
			path = MyTasks;
			sourceTree = "<group>";
		};
		C2A2EDB2250F5A76009C1F9D /* Supporting files */ = {
			isa = PBXGroup;
			children = (
				C2A2EDA7250F5A2F009C1F9D /* Assets.xcassets */,
				C2A2EDAC250F5A2F009C1F9D /* Info.plist */,
				C2A2EDA4250F5A2D009C1F9D /* MyTasks.xcdatamodeld */,
			);
			path = "Supporting files";
			sourceTree = "<group>";
		};
		C2A2EDB3250F5A91009C1F9D /* View */ = {
			isa = PBXGroup;
			children = (
				C2A2EDA1250F5A2D009C1F9D /* Main.storyboard */,
				C2A2EDA9250F5A2F009C1F9D /* LaunchScreen.storyboard */,
			);
			path = View;
			sourceTree = "<group>";
		};
		C2A2EDB4250F5AAC009C1F9D /* Controller */ = {
			isa = PBXGroup;
			children = (
				C2A2ED9F250F5A2D009C1F9D /* ViewController.swift */,
				C24AE5A8250F650E00299C81 /* CoreDataController.swift */,
				C2464E0F2512257C00C09AA6 /* CoreDataCell.swift */,
				C2473DF0250F88E4003059B8 /* RealmController.swift */,
				C2B8F64525120F5900EC16EB /* RealmCell.swift */,
				C2A2ED9B250F5A2D009C1F9D /* AppDelegate.swift */,
				C2A2ED9D250F5A2D009C1F9D /* SceneDelegate.swift */,
			);
			path = Controller;
			sourceTree = "<group>";
		};
		C2A2EDB5250F5AC2009C1F9D /* Modal */ = {
			isa = PBXGroup;
			children = (
				C27E294F250F5B41000BC052 /* Persistance.swift */,
				C24AE5AA250F656C00299C81 /* CoreDataProvider.swift */,
				C2473DEC250F861F003059B8 /* RealmModel.swift */,
				C2473DEE250F87FA003059B8 /* RealmStorageManager.swift */,
			);
			path = Modal;
			sourceTree = "<group>";
		};
		D9CBD5D515414389DF5F042C /* Pods */ = {
			isa = PBXGroup;
			children = (
				FFC62F125A1D55E1D4770743 /* Pods-MyTasks.debug.xcconfig */,
				ADAFF402A5CD979AAE79DFDA /* Pods-MyTasks.release.xcconfig */,
			);
			name = Pods;
			sourceTree = "<group>";
		};
/* End PBXGroup section */

/* Begin PBXNativeTarget section */
		C2A2ED97250F5A2D009C1F9D /* MyTasks */ = {
			isa = PBXNativeTarget;
			buildConfigurationList = C2A2EDAF250F5A2F009C1F9D /* Build configuration list for PBXNativeTarget "MyTasks" */;
			buildPhases = (
				E7D5A49F970654D91AFCB9E9 /* [CP] Check Pods Manifest.lock */,
				C2A2ED94250F5A2D009C1F9D /* Sources */,
				C2A2ED95250F5A2D009C1F9D /* Frameworks */,
				C2A2ED96250F5A2D009C1F9D /* Resources */,
				4F75F5DA593D9A4B17E5B930 /* [CP] Embed Pods Frameworks */,
			);
			buildRules = (
			);
			dependencies = (
			);
			name = MyTasks;
			productName = MyTasks;
			productReference = C2A2ED98250F5A2D009C1F9D /* MyTasks.app */;
			productType = "com.apple.product-type.application";
		};
/* End PBXNativeTarget section */

/* Begin PBXProject section */
		C2A2ED90250F5A2D009C1F9D /* Project object */ = {
			isa = PBXProject;
			attributes = {
				LastSwiftUpdateCheck = 1170;
				LastUpgradeCheck = 1170;
				ORGANIZATIONNAME = "Дарья";
				TargetAttributes = {
					C2A2ED97250F5A2D009C1F9D = {
						CreatedOnToolsVersion = 11.7;
					};
				};
			};
			buildConfigurationList = C2A2ED93250F5A2D009C1F9D /* Build configuration list for PBXProject "MyTasks" */;
			compatibilityVersion = "Xcode 9.3";
			developmentRegion = en;
			hasScannedForEncodings = 0;
			knownRegions = (
				en,
				Base,
			);
			mainGroup = C2A2ED8F250F5A2D009C1F9D;
			productRefGroup = C2A2ED99250F5A2D009C1F9D /* Products */;
			projectDirPath = "";
			projectRoot = "";
			targets = (
				C2A2ED97250F5A2D009C1F9D /* MyTasks */,
			);
		};
/* End PBXProject section */

/* Begin PBXResourcesBuildPhase section */
		C2A2ED96250F5A2D009C1F9D /* Resources */ = {
			isa = PBXResourcesBuildPhase;
			buildActionMask = 2147483647;
			files = (
				C2A2EDAB250F5A2F009C1F9D /* LaunchScreen.storyboard in Resources */,
				C2A2EDA8250F5A2F009C1F9D /* Assets.xcassets in Resources */,
				C2A2EDA3250F5A2D009C1F9D /* Main.storyboard in Resources */,
			);
			runOnlyForDeploymentPostprocessing = 0;
		};
/* End PBXResourcesBuildPhase section */

/* Begin PBXShellScriptBuildPhase section */
		4F75F5DA593D9A4B17E5B930 /* [CP] Embed Pods Frameworks */ = {
			isa = PBXShellScriptBuildPhase;
			buildActionMask = 2147483647;
			files = (
			);
			inputPaths = (
				"${SRCROOT}/Pods/Target Support Files/Pods-MyTasks/Pods-MyTasks-frameworks.sh",
				"${BUILT_PRODUCTS_DIR}/Realm/Realm.framework",
				"${BUILT_PRODUCTS_DIR}/RealmSwift/RealmSwift.framework",
			);
			name = "[CP] Embed Pods Frameworks";
			outputPaths = (
				"${TARGET_BUILD_DIR}/${FRAMEWORKS_FOLDER_PATH}/Realm.framework",
				"${TARGET_BUILD_DIR}/${FRAMEWORKS_FOLDER_PATH}/RealmSwift.framework",
			);
			runOnlyForDeploymentPostprocessing = 0;
			shellPath = /bin/sh;
			shellScript = "\"${SRCROOT}/Pods/Target Support Files/Pods-MyTasks/Pods-MyTasks-frameworks.sh\"\n";
			showEnvVarsInLog = 0;
		};
		E7D5A49F970654D91AFCB9E9 /* [CP] Check Pods Manifest.lock */ = {
			isa = PBXShellScriptBuildPhase;
			buildActionMask = 2147483647;
			files = (
			);
			inputPaths = (
				"${PODS_PODFILE_DIR_PATH}/Podfile.lock",
				"${PODS_ROOT}/Manifest.lock",
			);
			name = "[CP] Check Pods Manifest.lock";
			outputPaths = (
				"$(DERIVED_FILE_DIR)/Pods-MyTasks-checkManifestLockResult.txt",
			);
			runOnlyForDeploymentPostprocessing = 0;
			shellPath = /bin/sh;
			shellScript = "diff \"${PODS_PODFILE_DIR_PATH}/Podfile.lock\" \"${PODS_ROOT}/Manifest.lock\" > /dev/null\nif [ $? != 0 ] ; then\n    # print error to STDERR\n    echo \"error: The sandbox is not in sync with the Podfile.lock. Run 'pod install' or update your CocoaPods installation.\" >&2\n    exit 1\nfi\n# This output is used by Xcode 'outputs' to avoid re-running this script phase.\necho \"SUCCESS\" > \"${SCRIPT_OUTPUT_FILE_0}\"\n";
			showEnvVarsInLog = 0;
		};
/* End PBXShellScriptBuildPhase section */

/* Begin PBXSourcesBuildPhase section */
		C2A2ED94250F5A2D009C1F9D /* Sources */ = {
			isa = PBXSourcesBuildPhase;
			buildActionMask = 2147483647;
			files = (
				C2A2EDA6250F5A2D009C1F9D /* MyTasks.xcdatamodeld in Sources */,
				C2A2EDA0250F5A2D009C1F9D /* ViewController.swift in Sources */,
				C2B8F64625120F5900EC16EB /* RealmCell.swift in Sources */,
				C24AE5A9250F650E00299C81 /* CoreDataController.swift in Sources */,
				C2464E102512257C00C09AA6 /* CoreDataCell.swift in Sources */,
				C2473DF1250F88E4003059B8 /* RealmController.swift in Sources */,
				C2473DEF250F87FA003059B8 /* RealmStorageManager.swift in Sources */,
				C2A2ED9C250F5A2D009C1F9D /* AppDelegate.swift in Sources */,
				C24AE5AB250F656C00299C81 /* CoreDataProvider.swift in Sources */,
				C2473DED250F861F003059B8 /* RealmModel.swift in Sources */,
				C27E2950250F5B41000BC052 /* Persistance.swift in Sources */,
				C2A2ED9E250F5A2D009C1F9D /* SceneDelegate.swift in Sources */,
			);
			runOnlyForDeploymentPostprocessing = 0;
		};
/* End PBXSourcesBuildPhase section */

/* Begin PBXVariantGroup section */
		C2A2EDA1250F5A2D009C1F9D /* Main.storyboard */ = {
			isa = PBXVariantGroup;
			children = (
				C2A2EDA2250F5A2D009C1F9D /* Base */,
			);
			name = Main.storyboard;
			sourceTree = "<group>";
		};
		C2A2EDA9250F5A2F009C1F9D /* LaunchScreen.storyboard */ = {
			isa = PBXVariantGroup;
			children = (
				C2A2EDAA250F5A2F009C1F9D /* Base */,
			);
			name = LaunchScreen.storyboard;
			sourceTree = "<group>";
		};
/* End PBXVariantGroup section */

/* Begin XCBuildConfiguration section */
		C2A2EDAD250F5A2F009C1F9D /* Debug */ = {
			isa = XCBuildConfiguration;
			buildSettings = {
				ALWAYS_SEARCH_USER_PATHS = NO;
				CLANG_ANALYZER_NONNULL = YES;
				CLANG_ANALYZER_NUMBER_OBJECT_CONVERSION = YES_AGGRESSIVE;
				CLANG_CXX_LANGUAGE_STANDARD = "gnu++14";
				CLANG_CXX_LIBRARY = "libc++";
				CLANG_ENABLE_MODULES = YES;
				CLANG_ENABLE_OBJC_ARC = YES;
				CLANG_ENABLE_OBJC_WEAK = YES;
				CLANG_WARN_BLOCK_CAPTURE_AUTORELEASING = YES;
				CLANG_WARN_BOOL_CONVERSION = YES;
				CLANG_WARN_COMMA = YES;
				CLANG_WARN_CONSTANT_CONVERSION = YES;
				CLANG_WARN_DEPRECATED_OBJC_IMPLEMENTATIONS = YES;
				CLANG_WARN_DIRECT_OBJC_ISA_USAGE = YES_ERROR;
				CLANG_WARN_DOCUMENTATION_COMMENTS = YES;
				CLANG_WARN_EMPTY_BODY = YES;
				CLANG_WARN_ENUM_CONVERSION = YES;
				CLANG_WARN_INFINITE_RECURSION = YES;
				CLANG_WARN_INT_CONVERSION = YES;
				CLANG_WARN_NON_LITERAL_NULL_CONVERSION = YES;
				CLANG_WARN_OBJC_IMPLICIT_RETAIN_SELF = YES;
				CLANG_WARN_OBJC_LITERAL_CONVERSION = YES;
				CLANG_WARN_OBJC_ROOT_CLASS = YES_ERROR;
				CLANG_WARN_RANGE_LOOP_ANALYSIS = YES;
				CLANG_WARN_STRICT_PROTOTYPES = YES;
				CLANG_WARN_SUSPICIOUS_MOVE = YES;
				CLANG_WARN_UNGUARDED_AVAILABILITY = YES_AGGRESSIVE;
				CLANG_WARN_UNREACHABLE_CODE = YES;
				CLANG_WARN__DUPLICATE_METHOD_MATCH = YES;
				COPY_PHASE_STRIP = NO;
				DEBUG_INFORMATION_FORMAT = dwarf;
				ENABLE_STRICT_OBJC_MSGSEND = YES;
				ENABLE_TESTABILITY = YES;
				GCC_C_LANGUAGE_STANDARD = gnu11;
				GCC_DYNAMIC_NO_PIC = NO;
				GCC_NO_COMMON_BLOCKS = YES;
				GCC_OPTIMIZATION_LEVEL = 0;
				GCC_PREPROCESSOR_DEFINITIONS = (
					"DEBUG=1",
					"$(inherited)",
				);
				GCC_WARN_64_TO_32_BIT_CONVERSION = YES;
				GCC_WARN_ABOUT_RETURN_TYPE = YES_ERROR;
				GCC_WARN_UNDECLARED_SELECTOR = YES;
				GCC_WARN_UNINITIALIZED_AUTOS = YES_AGGRESSIVE;
				GCC_WARN_UNUSED_FUNCTION = YES;
				GCC_WARN_UNUSED_VARIABLE = YES;
				IPHONEOS_DEPLOYMENT_TARGET = 13.7;
				MTL_ENABLE_DEBUG_INFO = INCLUDE_SOURCE;
				MTL_FAST_MATH = YES;
				ONLY_ACTIVE_ARCH = YES;
				SDKROOT = iphoneos;
				SWIFT_ACTIVE_COMPILATION_CONDITIONS = DEBUG;
				SWIFT_OPTIMIZATION_LEVEL = "-Onone";
			};
			name = Debug;
		};
		C2A2EDAE250F5A2F009C1F9D /* Release */ = {
			isa = XCBuildConfiguration;
			buildSettings = {
				ALWAYS_SEARCH_USER_PATHS = NO;
				CLANG_ANALYZER_NONNULL = YES;
				CLANG_ANALYZER_NUMBER_OBJECT_CONVERSION = YES_AGGRESSIVE;
				CLANG_CXX_LANGUAGE_STANDARD = "gnu++14";
				CLANG_CXX_LIBRARY = "libc++";
				CLANG_ENABLE_MODULES = YES;
				CLANG_ENABLE_OBJC_ARC = YES;
				CLANG_ENABLE_OBJC_WEAK = YES;
				CLANG_WARN_BLOCK_CAPTURE_AUTORELEASING = YES;
				CLANG_WARN_BOOL_CONVERSION = YES;
				CLANG_WARN_COMMA = YES;
				CLANG_WARN_CONSTANT_CONVERSION = YES;
				CLANG_WARN_DEPRECATED_OBJC_IMPLEMENTATIONS = YES;
				CLANG_WARN_DIRECT_OBJC_ISA_USAGE = YES_ERROR;
				CLANG_WARN_DOCUMENTATION_COMMENTS = YES;
				CLANG_WARN_EMPTY_BODY = YES;
				CLANG_WARN_ENUM_CONVERSION = YES;
				CLANG_WARN_INFINITE_RECURSION = YES;
				CLANG_WARN_INT_CONVERSION = YES;
				CLANG_WARN_NON_LITERAL_NULL_CONVERSION = YES;
				CLANG_WARN_OBJC_IMPLICIT_RETAIN_SELF = YES;
				CLANG_WARN_OBJC_LITERAL_CONVERSION = YES;
				CLANG_WARN_OBJC_ROOT_CLASS = YES_ERROR;
				CLANG_WARN_RANGE_LOOP_ANALYSIS = YES;
				CLANG_WARN_STRICT_PROTOTYPES = YES;
				CLANG_WARN_SUSPICIOUS_MOVE = YES;
				CLANG_WARN_UNGUARDED_AVAILABILITY = YES_AGGRESSIVE;
				CLANG_WARN_UNREACHABLE_CODE = YES;
				CLANG_WARN__DUPLICATE_METHOD_MATCH = YES;
				COPY_PHASE_STRIP = NO;
				DEBUG_INFORMATION_FORMAT = "dwarf-with-dsym";
				ENABLE_NS_ASSERTIONS = NO;
				ENABLE_STRICT_OBJC_MSGSEND = YES;
				GCC_C_LANGUAGE_STANDARD = gnu11;
				GCC_NO_COMMON_BLOCKS = YES;
				GCC_WARN_64_TO_32_BIT_CONVERSION = YES;
				GCC_WARN_ABOUT_RETURN_TYPE = YES_ERROR;
				GCC_WARN_UNDECLARED_SELECTOR = YES;
				GCC_WARN_UNINITIALIZED_AUTOS = YES_AGGRESSIVE;
				GCC_WARN_UNUSED_FUNCTION = YES;
				GCC_WARN_UNUSED_VARIABLE = YES;
				IPHONEOS_DEPLOYMENT_TARGET = 13.7;
				MTL_ENABLE_DEBUG_INFO = NO;
				MTL_FAST_MATH = YES;
				SDKROOT = iphoneos;
				SWIFT_COMPILATION_MODE = wholemodule;
				SWIFT_OPTIMIZATION_LEVEL = "-O";
				VALIDATE_PRODUCT = YES;
			};
			name = Release;
		};
		C2A2EDB0250F5A2F009C1F9D /* Debug */ = {
			isa = XCBuildConfiguration;
			baseConfigurationReference = FFC62F125A1D55E1D4770743 /* Pods-MyTasks.debug.xcconfig */;
			buildSettings = {
				ASSETCATALOG_COMPILER_APPICON_NAME = AppIcon;
				CODE_SIGN_STYLE = Automatic;
				DEVELOPMENT_TEAM = R367V6SP7Z;
				INFOPLIST_FILE = "$(SRCROOT)/MyTasks/Supporting files/Info.plist";
				LD_RUNPATH_SEARCH_PATHS = (
					"$(inherited)",
					"@executable_path/Frameworks",
				);
				PRODUCT_BUNDLE_IDENTIFIER = novembrz.MyTasks;
				PRODUCT_NAME = "$(TARGET_NAME)";
				SWIFT_VERSION = 5.0;
				TARGETED_DEVICE_FAMILY = "1,2";
			};
			name = Debug;
		};
		C2A2EDB1250F5A2F009C1F9D /* Release */ = {
			isa = XCBuildConfiguration;
			baseConfigurationReference = ADAFF402A5CD979AAE79DFDA /* Pods-MyTasks.release.xcconfig */;
			buildSettings = {
				ASSETCATALOG_COMPILER_APPICON_NAME = AppIcon;
				CODE_SIGN_STYLE = Automatic;
				DEVELOPMENT_TEAM = R367V6SP7Z;
				INFOPLIST_FILE = "$(SRCROOT)/MyTasks/Supporting files/Info.plist";
				LD_RUNPATH_SEARCH_PATHS = (
					"$(inherited)",
					"@executable_path/Frameworks",
				);
				PRODUCT_BUNDLE_IDENTIFIER = novembrz.MyTasks;
				PRODUCT_NAME = "$(TARGET_NAME)";
				SWIFT_VERSION = 5.0;
				TARGETED_DEVICE_FAMILY = "1,2";
			};
			name = Release;
		};
/* End XCBuildConfiguration section */

/* Begin XCConfigurationList section */
		C2A2ED93250F5A2D009C1F9D /* Build configuration list for PBXProject "MyTasks" */ = {
			isa = XCConfigurationList;
			buildConfigurations = (
				C2A2EDAD250F5A2F009C1F9D /* Debug */,
				C2A2EDAE250F5A2F009C1F9D /* Release */,
			);
			defaultConfigurationIsVisible = 0;
			defaultConfigurationName = Release;
		};
		C2A2EDAF250F5A2F009C1F9D /* Build configuration list for PBXNativeTarget "MyTasks" */ = {
			isa = XCConfigurationList;
			buildConfigurations = (
				C2A2EDB0250F5A2F009C1F9D /* Debug */,
				C2A2EDB1250F5A2F009C1F9D /* Release */,
			);
			defaultConfigurationIsVisible = 0;
			defaultConfigurationName = Release;
		};
/* End XCConfigurationList section */

/* Begin XCVersionGroup section */
		C2A2EDA4250F5A2D009C1F9D /* MyTasks.xcdatamodeld */ = {
			isa = XCVersionGroup;
			children = (
				C2A2EDA5250F5A2D009C1F9D /* MyTasks.xcdatamodel */,
			);
			currentVersion = C2A2EDA5250F5A2D009C1F9D /* MyTasks.xcdatamodel */;
			path = MyTasks.xcdatamodeld;
			sourceTree = "<group>";
			versionGroupType = wrapper.xcdatamodel;
		};
/* End XCVersionGroup section */
	};
	rootObject = C2A2ED90250F5A2D009C1F9D /* Project object */;
}
